﻿
Microsoft Visual Studio Solution File, Format Version 12.00
# Visual Studio Version 17
VisualStudioVersion = 17.5.002.0
MinimumVisualStudioVersion = 10.0.40219.1
Project("{9A19103F-16F7-4668-BE54-9A1E7A4F7556}") = "MonoGameHelloWorld", "MonoGameHelloWorld\MonoGameHelloWorld.csproj", "{465DF9B2-373A-4D02-BEDB-918879A77EA1}"
EndProject
Project("{FAE04EC0-301F-11D3-BF4B-00C04F79EFBC}") = "GameEngineLibrary", "GameEngineLibrary\GameEngineLibrary.csproj", "{165749C4-F597-49E1-9A1E-F16AE67740D8}"
EndProject
Global
	GlobalSection(SolutionConfigurationPlatforms) = preSolution
		Debug|Any CPU = Debug|Any CPU
		Release|Any CPU = Release|Any CPU
	EndGlobalSection
	GlobalSection(ProjectConfigurationPlatforms) = postSolution
		{465DF9B2-373A-4D02-BEDB-918879A77EA1}.Debug|Any CPU.ActiveCfg = Debug|Any CPU
		{465DF9B2-373A-4D02-BEDB-918879A77EA1}.Debug|Any CPU.Build.0 = Debug|Any CPU
		{465DF9B2-373A-4D02-BEDB-918879A77EA1}.Release|Any CPU.ActiveCfg = Release|Any CPU
		{465DF9B2-373A-4D02-BEDB-918879A77EA1}.Release|Any CPU.Build.0 = Release|Any CPU
	EndGlobalSection
	GlobalSection(SolutionProperties) = preSolution
		HideSolutionNode = FALSE
	EndGlobalSection
	GlobalSection(ExtensibilityGlobals) = postSolution
		SolutionGuid = {6605FB63-A626-4BCA-A8B1-71E1A2386A87}
	EndGlobalSection
EndGlobal
